<?xml version="1.0" encoding="utf-8"?>
<Project ToolsVersion="4.0" xmlns="http://schemas.microsoft.com/developer/msbuild/2003">
  <ItemGroup>
    <Filter Include="2D FrameWork">
      <UniqueIdentifier>{66f63fbe-28e7-46d7-8bc9-617b730fefa5}</UniqueIdentifier>
    </Filter>
    <Filter Include="2D FrameWork\PCH">
      <UniqueIdentifier>{8e36c230-375c-4f73-a1fb-f14152096314}</UniqueIdentifier>
    </Filter>
    <Filter Include="2D FrameWork\GameCore">
      <UniqueIdentifier>{aa3b5b8b-0e14-4747-8d00-e9677433c467}</UniqueIdentifier>
    </Filter>
    <Filter Include="2D FrameWork\Utility">
      <UniqueIdentifier>{6711ab99-5213-478a-8a9e-2fd519dfbaa5}</UniqueIdentifier>
    </Filter>
    <Filter Include="2D FrameWork\DesignPattern">
      <UniqueIdentifier>{577d305b-71bb-4f8a-ad88-05bafa91adfd}</UniqueIdentifier>
    </Filter>
    <Filter Include="2D FrameWork\DesignPattern\Singleton">
      <UniqueIdentifier>{83e80c09-4c01-415b-b7f1-8e97f97bf509}</UniqueIdentifier>
    </Filter>
    <Filter Include="2D FrameWork\GImage">
      <UniqueIdentifier>{baaf85ed-e2be-4d38-9bb1-46443a588513}</UniqueIdentifier>
    </Filter>
    <Filter Include="2D FrameWork\ManagerClass">
      <UniqueIdentifier>{fa7b3c5b-7683-4daf-ba0e-8efdf2184da2}</UniqueIdentifier>
    </Filter>
    <Filter Include="MainGame">
      <UniqueIdentifier>{53c4a113-009e-4bb0-a03c-a0e797ba86ec}</UniqueIdentifier>
    </Filter>
    <Filter Include="MainGame\Object">
      <UniqueIdentifier>{9484468f-b874-424e-be23-a09a836a7901}</UniqueIdentifier>
    </Filter>
    <Filter Include="2D FrameWork\ManagerClass\ImageManager">
      <UniqueIdentifier>{37501053-20ad-4aa0-be61-0ce0ffe61026}</UniqueIdentifier>
    </Filter>
    <Filter Include="2D FrameWork\ManagerClass\KeyManager">
      <UniqueIdentifier>{5fdc22dd-39f0-480e-8910-603e857f455a}</UniqueIdentifier>
    </Filter>
    <Filter Include="2D FrameWork\ManagerClass\TimeManager">
      <UniqueIdentifier>{81b80751-bf5c-4178-b195-e4819aa4892b}</UniqueIdentifier>
    </Filter>
    <Filter Include="2D FrameWork\ManagerClass\SceneManager">
      <UniqueIdentifier>{63f2f89b-6912-43bc-80d5-5e65d08c187d}</UniqueIdentifier>
    </Filter>
    <Filter Include="MainGame\Scene">
      <UniqueIdentifier>{22bdb7a3-8f3c-40b2-9979-f45c9f00ca5e}</UniqueIdentifier>
    </Filter>
    <Filter Include="MainGame\Scene\Title">
      <UniqueIdentifier>{1b2ebc12-44cb-450c-a9a5-34d77ed87894}</UniqueIdentifier>
    </Filter>
    <Filter Include="MainGame\Scene\Lobby">
      <UniqueIdentifier>{e9318cab-e7ff-48ea-9be2-caf7398eeeda}</UniqueIdentifier>
    </Filter>
    <Filter Include="2D FrameWork\ManagerClass\FontManager">
      <UniqueIdentifier>{91649f45-c8bb-4074-9b35-e10e135a0c04}</UniqueIdentifier>
    </Filter>
    <Filter Include="MainGame\Object\Beat">
      <UniqueIdentifier>{e10c5776-0b7b-4275-959d-3b5a15c2a09e}</UniqueIdentifier>
    </Filter>
    <Filter Include="MainGame\Object\Enemy">
      <UniqueIdentifier>{42de1f58-0a54-4d05-8f9c-eddb7f8e49c1}</UniqueIdentifier>
    </Filter>
    <Filter Include="MainGame\Object\Enemy\Slime">
      <UniqueIdentifier>{ebe4da18-c6eb-4f78-837b-647710c46f09}</UniqueIdentifier>
    </Filter>
    <Filter Include="MainGame\Object\Player">
      <UniqueIdentifier>{8c64a784-651e-4190-a1e0-63e351c2f53a}</UniqueIdentifier>
    </Filter>
    <Filter Include="2D FrameWork\ManagerClass\SoundManager">
      <UniqueIdentifier>{273645c2-2aa6-435c-a90b-e29d8cd574d2}</UniqueIdentifier>
    </Filter>
    <Filter Include="MainGame\Object\Tile">
      <UniqueIdentifier>{8db82bd2-3196-4c4c-80c5-270387854a33}</UniqueIdentifier>
    </Filter>
    <Filter Include="2D FrameWork\ManagerClass\FileManager">
      <UniqueIdentifier>{7fc91411-deac-4028-8fd8-b4eab7499bce}</UniqueIdentifier>
    </Filter>
  </ItemGroup>
  <ItemGroup>
    <ClCompile Include="Stdafx.cpp">
      <Filter>2D FrameWork\PCH</Filter>
    </ClCompile>
    <ClCompile Include="GameNode.cpp">
      <Filter>2D FrameWork\GameCore</Filter>
    </ClCompile>
    <ClCompile Include="GImage.cpp">
      <Filter>2D FrameWork\GImage</Filter>
    </ClCompile>
    <ClCompile Include="WinMain.cpp">
      <Filter>MainGame</Filter>
    </ClCompile>
    <ClCompile Include="MainGame.cpp">
      <Filter>MainGame</Filter>
    </ClCompile>
    <ClCompile Include="ImageManager.cpp">
      <Filter>2D FrameWork\ManagerClass\ImageManager</Filter>
    </ClCompile>
    <ClCompile Include="KeyManager.cpp">
      <Filter>2D FrameWork\ManagerClass\KeyManager</Filter>
    </ClCompile>
    <ClCompile Include="TimeManager.cpp">
      <Filter>2D FrameWork\ManagerClass\TimeManager</Filter>
    </ClCompile>
    <ClCompile Include="SceneManager.cpp">
      <Filter>2D FrameWork\ManagerClass\SceneManager</Filter>
    </ClCompile>
    <ClCompile Include="TitleScene.cpp">
      <Filter>MainGame\Scene\Title</Filter>
    </ClCompile>
    <ClCompile Include="LobbyScene.cpp">
      <Filter>MainGame\Scene\Lobby</Filter>
    </ClCompile>
    <ClCompile Include="FontManager.cpp">
      <Filter>2D FrameWork\ManagerClass\FontManager</Filter>
    </ClCompile>
    <ClCompile Include="Player.cpp">
      <Filter>MainGame\Object\Player</Filter>
    </ClCompile>
    <ClCompile Include="Slime.cpp">
      <Filter>MainGame\Object\Enemy\Slime</Filter>
    </ClCompile>
    <ClCompile Include="Slime_Green.cpp">
      <Filter>MainGame\Object\Enemy\Slime</Filter>
    </ClCompile>
    <ClCompile Include="Beat.cpp">
      <Filter>MainGame\Object\Beat</Filter>
    </ClCompile>
    <ClCompile Include="SoundManager.cpp">
      <Filter>2D FrameWork\ManagerClass\SoundManager</Filter>
    </ClCompile>
    <ClCompile Include="FileManager.cpp">
      <Filter>2D FrameWork\ManagerClass\FileManager</Filter>
    </ClCompile>
  </ItemGroup>
  <ItemGroup>
    <ClInclude Include="Stdafx.h">
      <Filter>2D FrameWork\PCH</Filter>
    </ClInclude>
    <ClInclude Include="GameNode.h">
      <Filter>2D FrameWork\GameCore</Filter>
    </ClInclude>
    <ClInclude Include="SingletonBase.h">
      <Filter>2D FrameWork\DesignPattern\Singleton</Filter>
    </ClInclude>
    <ClInclude Include="RandomFunction.h">
      <Filter>2D FrameWork\Utility</Filter>
    </ClInclude>
    <ClInclude Include="CommonMacroFunction.h">
      <Filter>2D FrameWork\Utility</Filter>
    </ClInclude>
    <ClInclude Include="GImage.h">
      <Filter>2D FrameWork\GImage</Filter>
    </ClInclude>
    <ClInclude Include="MainGame.h">
      <Filter>MainGame</Filter>
    </ClInclude>
    <ClInclude Include="ImageManager.h">
      <Filter>2D FrameWork\ManagerClass\ImageManager</Filter>
    </ClInclude>
    <ClInclude Include="KeyManager.h">
      <Filter>2D FrameWork\ManagerClass\KeyManager</Filter>
    </ClInclude>
    <ClInclude Include="TimeManager.h">
      <Filter>2D FrameWork\ManagerClass\TimeManager</Filter>
    </ClInclude>
    <ClInclude Include="SceneManager.h">
      <Filter>2D FrameWork\ManagerClass\SceneManager</Filter>
    </ClInclude>
    <ClInclude Include="TitleScene.h">
      <Filter>MainGame\Scene\Title</Filter>
    </ClInclude>
    <ClInclude Include="LobbyScene.h">
      <Filter>MainGame\Scene\Lobby</Filter>
    </ClInclude>
    <ClInclude Include="FontManager.h">
      <Filter>2D FrameWork\ManagerClass\FontManager</Filter>
    </ClInclude>
    <ClInclude Include="Player.h">
      <Filter>MainGame\Object\Player</Filter>
    </ClInclude>
    <ClInclude Include="Slime.h">
      <Filter>MainGame\Object\Enemy\Slime</Filter>
    </ClInclude>
    <ClInclude Include="Slime_Green.h">
      <Filter>MainGame\Object\Enemy\Slime</Filter>
    </ClInclude>
    <ClInclude Include="Beat.h">
      <Filter>MainGame\Object\Beat</Filter>
    </ClInclude>
    <ClInclude Include="SoundManager.h">
      <Filter>2D FrameWork\ManagerClass\SoundManager</Filter>
    </ClInclude>
    <ClInclude Include="FileManager.h">
      <Filter>2D FrameWork\ManagerClass\FileManager</Filter>
    </ClInclude>
  </ItemGroup>
</Project>